
Microsoft Visual Studio Solution File, Format Version 12.00
# Visual Studio 15
VisualStudioVersion = 15.0.28307.705
MinimumVisualStudioVersion = 10.0.40219.1
Project("{FAE04EC0-301F-11D3-BF4B-00C04F79EFBC}") = "QDS_Review_NET", "QDS_Review_NET\QDS_Review_NET.csproj", "{020B2702-0711-4D2E-813E-DD9166A45E7E}"
EndProject
Global
	GlobalSection(SolutionConfigurationPlatforms) = preSolution
		Debug|Any CPU = Debug|Any CPU
		Release|Any CPU = Release|Any CPU
	EndGlobalSection
	GlobalSection(ProjectConfigurationPlatforms) = postSolution
		{020B2702-0711-4D2E-813E-DD9166A45E7E}.Debug|Any CPU.ActiveCfg = Debug|Any CPU
		{020B2702-0711-4D2E-813E-DD9166A45E7E}.Debug|Any CPU.Build.0 = Debug|Any CPU
		{020B2702-0711-4D2E-813E-DD9166A45E7E}.Release|Any CPU.ActiveCfg = Release|Any CPU
		{020B2702-0711-4D2E-813E-DD9166A45E7E}.Release|Any CPU.Build.0 = Release|Any CPU
	EndGlobalSection
	GlobalSection(SolutionProperties) = preSolution
		HideSolutionNode = FALSE
	EndGlobalSection
	GlobalSection(ExtensibilityGlobals) = postSolution
		SolutionGuid = {3081859B-7457-4296-BA72-C177F1435A3C}
	EndGlobalSection
EndGlobal
